
Microsoft Visual Studio Solution File, Format Version 12.00
# Visual Studio Version 17
VisualStudioVersion = 17.5.33414.496
MinimumVisualStudioVersion = 10.0.40219.1
Project("{FAE04EC0-301F-11D3-BF4B-00C04F79EFBC}") = "koordinat", "koordinat\koordinat.csproj", "{ECB68014-7159-44EA-8F00-19E3BE6D1D99}"
EndProject
Global
	GlobalSection(SolutionConfigurationPlatforms) = preSolution
		Debug|Any CPU = Debug|Any CPU
		Release|Any CPU = Release|Any CPU
	EndGlobalSection
	GlobalSection(ProjectConfigurationPlatforms) = postSolution
		{ECB68014-7159-44EA-8F00-19E3BE6D1D99}.Debug|Any CPU.ActiveCfg = Debug|Any CPU
		{ECB68014-7159-44EA-8F00-19E3BE6D1D99}.Debug|Any CPU.Build.0 = Debug|Any CPU
		{ECB68014-7159-44EA-8F00-19E3BE6D1D99}.Release|Any CPU.ActiveCfg = Release|Any CPU
		{ECB68014-7159-44EA-8F00-19E3BE6D1D99}.Release|Any CPU.Build.0 = Release|Any CPU
	EndGlobalSection
	GlobalSection(SolutionProperties) = preSolution
		HideSolutionNode = FALSE
	EndGlobalSection
	GlobalSection(ExtensibilityGlobals) = postSolution
		SolutionGuid = {441C3374-87EF-4590-A9F0-9A10B1F8FC96}
	EndGlobalSection
EndGlobal
